// !$*UTF8*$!
{
	archiveVersion = 1;
	classes = {
	};
	objectVersion = 77;
	objects = {

/* Begin PBXBuildFile section */
		9AE632592DBFB5BD002E288F /* FirebaseAnalytics in Frameworks */ = {isa = PBXBuildFile; productRef = 9AE632582DBFB5BD002E288F /* FirebaseAnalytics */; };
		9AE6325B2DBFB5BD002E288F /* FirebaseAnalyticsWithoutAdIdSupport in Frameworks */ = {isa = PBXBuildFile; productRef = 9AE6325A2DBFB5BD002E288F /* FirebaseAnalyticsWithoutAdIdSupport */; };
		9AE6325F2DBFB866002E288F /* FirebaseAnalyticsOnDeviceConversion in Frameworks */ = {isa = PBXBuildFile; productRef = 9AE6325E2DBFB866002E288F /* FirebaseAnalyticsOnDeviceConversion */; };
		9AE632612DBFB866002E288F /* FirebaseAppCheck in Frameworks */ = {isa = PBXBuildFile; productRef = 9AE632602DBFB866002E288F /* FirebaseAppCheck */; };
		9AE632632DBFB866002E288F /* FirebaseAppDistribution-Beta in Frameworks */ = {isa = PBXBuildFile; productRef = 9AE632622DBFB866002E288F /* FirebaseAppDistribution-Beta */; };
		9AE632652DBFB866002E288F /* FirebaseAuth in Frameworks */ = {isa = PBXBuildFile; productRef = 9AE632642DBFB866002E288F /* FirebaseAuth */; };
		9AE632672DBFB866002E288F /* FirebaseAuthCombine-Community in Frameworks */ = {isa = PBXBuildFile; productRef = 9AE632662DBFB866002E288F /* FirebaseAuthCombine-Community */; };
		9AE632692DBFB866002E288F /* FirebaseCore in Frameworks */ = {isa = PBXBuildFile; productRef = 9AE632682DBFB866002E288F /* FirebaseCore */; };
		9AE6326B2DBFB8A3002E288F /* FirebaseDynamicLinks in Frameworks */ = {isa = PBXBuildFile; productRef = 9AE6326A2DBFB8A3002E288F /* FirebaseDynamicLinks */; };
		9AE6326D2DBFB8A3002E288F /* FirebaseFirestore in Frameworks */ = {isa = PBXBuildFile; productRef = 9AE6326C2DBFB8A3002E288F /* FirebaseFirestore */; };
		9AE6326F2DBFB8A3002E288F /* FirebaseFirestoreCombine-Community in Frameworks */ = {isa = PBXBuildFile; productRef = 9AE6326E2DBFB8A3002E288F /* FirebaseFirestoreCombine-Community */; };
		9AE632712DBFB8A3002E288F /* FirebaseStorage in Frameworks */ = {isa = PBXBuildFile; productRef = 9AE632702DBFB8A3002E288F /* FirebaseStorage */; };
		9AE632812DC02A12002E288F /* FirebaseMessaging in Frameworks */ = {isa = PBXBuildFile; productRef = 9AE632802DC02A12002E288F /* FirebaseMessaging */; };
		9AE633852DC3F02C002E288F /* Kingfisher in Frameworks */ = {isa = PBXBuildFile; productRef = 9AE633842DC3F02C002E288F /* Kingfisher */; };
/* End PBXBuildFile section */

/* Begin PBXFileReference section */
		9AE631442DB0233C002E288F /* yazilimmuh.app */ = {isa = PBXFileReference; explicitFileType = wrapper.application; includeInIndex = 0; path = yazilimmuh.app; sourceTree = BUILT_PRODUCTS_DIR; };
/* End PBXFileReference section */

/* Begin PBXFileSystemSynchronizedRootGroup section */
		9AE631462DB0233C002E288F /* yazilimmuh */ = {
			isa = PBXFileSystemSynchronizedRootGroup;
			path = yazilimmuh;
			sourceTree = "<group>";
		};
/* End PBXFileSystemSynchronizedRootGroup section */

/* Begin PBXFrameworksBuildPhase section */
		9AE631412DB0233C002E288F /* Frameworks */ = {
			isa = PBXFrameworksBuildPhase;
			buildActionMask = 2147483647;
			files = (
				9AE632612DBFB866002E288F /* FirebaseAppCheck in Frameworks */,
				9AE632652DBFB866002E288F /* FirebaseAuth in Frameworks */,
				9AE633852DC3F02C002E288F /* Kingfisher in Frameworks */,
				9AE632592DBFB5BD002E288F /* FirebaseAnalytics in Frameworks */,
				9AE6326D2DBFB8A3002E288F /* FirebaseFirestore in Frameworks */,
				9AE632632DBFB866002E288F /* FirebaseAppDistribution-Beta in Frameworks */,
				9AE632712DBFB8A3002E288F /* FirebaseStorage in Frameworks */,
				9AE6326F2DBFB8A3002E288F /* FirebaseFirestoreCombine-Community in Frameworks */,
				9AE6325F2DBFB866002E288F /* FirebaseAnalyticsOnDeviceConversion in Frameworks */,
				9AE632812DC02A12002E288F /* FirebaseMessaging in Frameworks */,
				9AE6326B2DBFB8A3002E288F /* FirebaseDynamicLinks in Frameworks */,
				9AE632672DBFB866002E288F /* FirebaseAuthCombine-Community in Frameworks */,
				9AE632692DBFB866002E288F /* FirebaseCore in Frameworks */,
				9AE6325B2DBFB5BD002E288F /* FirebaseAnalyticsWithoutAdIdSupport in Frameworks */,
			);
			runOnlyForDeploymentPostprocessing = 0;
		};
/* End PBXFrameworksBuildPhase section */

/* Begin PBXGroup section */
		9AE6313B2DB0233C002E288F = {
			isa = PBXGroup;
			children = (
				9AE631462DB0233C002E288F /* yazilimmuh */,
				9AE631452DB0233C002E288F /* Products */,
			);
			sourceTree = "<group>";
		};
		9AE631452DB0233C002E288F /* Products */ = {
			isa = PBXGroup;
			children = (
				9AE631442DB0233C002E288F /* yazilimmuh.app */,
			);
			name = Products;
			sourceTree = "<group>";
		};
/* End PBXGroup section */

/* Begin PBXNativeTarget section */
		9AE631432DB0233C002E288F /* yazilimmuh */ = {
			isa = PBXNativeTarget;
			buildConfigurationList = 9AE631522DB0233D002E288F /* Build configuration list for PBXNativeTarget "yazilimmuh" */;
			buildPhases = (
				9AE631402DB0233C002E288F /* Sources */,
				9AE631412DB0233C002E288F /* Frameworks */,
				9AE631422DB0233C002E288F /* Resources */,
			);
			buildRules = (
			);
			dependencies = (
			);
			fileSystemSynchronizedGroups = (
				9AE631462DB0233C002E288F /* yazilimmuh */,
			);
			name = yazilimmuh;
			packageProductDependencies = (
				9AE632582DBFB5BD002E288F /* FirebaseAnalytics */,
				9AE6325A2DBFB5BD002E288F /* FirebaseAnalyticsWithoutAdIdSupport */,
				9AE6325E2DBFB866002E288F /* FirebaseAnalyticsOnDeviceConversion */,
				9AE632602DBFB866002E288F /* FirebaseAppCheck */,
				9AE632622DBFB866002E288F /* FirebaseAppDistribution-Beta */,
				9AE632642DBFB866002E288F /* FirebaseAuth */,
				9AE632662DBFB866002E288F /* FirebaseAuthCombine-Community */,
				9AE632682DBFB866002E288F /* FirebaseCore */,
				9AE6326A2DBFB8A3002E288F /* FirebaseDynamicLinks */,
				9AE6326C2DBFB8A3002E288F /* FirebaseFirestore */,
				9AE6326E2DBFB8A3002E288F /* FirebaseFirestoreCombine-Community */,
				9AE632702DBFB8A3002E288F /* FirebaseStorage */,
				9AE632802DC02A12002E288F /* FirebaseMessaging */,
				9AE633842DC3F02C002E288F /* Kingfisher */,
			);
			productName = yazilimmuh;
			productReference = 9AE631442DB0233C002E288F /* yazilimmuh.app */;
			productType = "com.apple.product-type.application";
		};
/* End PBXNativeTarget section */

/* Begin PBXProject section */
		9AE6313C2DB0233C002E288F /* Project object */ = {
			isa = PBXProject;
			attributes = {
				BuildIndependentTargetsInParallel = 1;
				LastSwiftUpdateCheck = 1620;
				LastUpgradeCheck = 1620;
				TargetAttributes = {
					9AE631432DB0233C002E288F = {
						CreatedOnToolsVersion = 16.2;
					};
				};
			};
			buildConfigurationList = 9AE6313F2DB0233C002E288F /* Build configuration list for PBXProject "yazilimmuh" */;
			developmentRegion = en;
			hasScannedForEncodings = 0;
			knownRegions = (
				en,
				Base,
			);
			mainGroup = 9AE6313B2DB0233C002E288F;
			minimizedProjectReferenceProxies = 1;
			packageReferences = (
				9AE632572DBFB5BD002E288F /* XCRemoteSwiftPackageReference "firebase-ios-sdk" */,
				9AE633832DC3F02C002E288F /* XCRemoteSwiftPackageReference "Kingfisher" */,
			);
			preferredProjectObjectVersion = 77;
			productRefGroup = 9AE631452DB0233C002E288F /* Products */;
			projectDirPath = "";
			projectRoot = "";
			targets = (
				9AE631432DB0233C002E288F /* yazilimmuh */,
			);
		};
/* End PBXProject section */

/* Begin PBXResourcesBuildPhase section */
		9AE631422DB0233C002E288F /* Resources */ = {
			isa = PBXResourcesBuildPhase;
			buildActionMask = 2147483647;
			files = (
			);
			runOnlyForDeploymentPostprocessing = 0;
		};
/* End PBXResourcesBuildPhase section */

/* Begin PBXSourcesBuildPhase section */
		9AE631402DB0233C002E288F /* Sources */ = {
			isa = PBXSourcesBuildPhase;
			buildActionMask = 2147483647;
			files = (
			);
			runOnlyForDeploymentPostprocessing = 0;
		};
/* End PBXSourcesBuildPhase section */

/* Begin XCBuildConfiguration section */
		9AE631502DB0233D002E288F /* Debug */ = {
			isa = XCBuildConfiguration;
			buildSettings = {
				ALWAYS_SEARCH_USER_PATHS = NO;
				ASSETCATALOG_COMPILER_GENERATE_SWIFT_ASSET_SYMBOL_EXTENSIONS = YES;
				CLANG_ANALYZER_NONNULL = YES;
				CLANG_ANALYZER_NUMBER_OBJECT_CONVERSION = YES_AGGRESSIVE;
				CLANG_CXX_LANGUAGE_STANDARD = "gnu++20";
				CLANG_ENABLE_MODULES = YES;
				CLANG_ENABLE_OBJC_ARC = YES;
				CLANG_ENABLE_OBJC_WEAK = YES;
				CLANG_WARN_BLOCK_CAPTURE_AUTORELEASING = YES;
				CLANG_WARN_BOOL_CONVERSION = YES;
				CLANG_WARN_COMMA = YES;
				CLANG_WARN_CONSTANT_CONVERSION = YES;
				CLANG_WARN_DEPRECATED_OBJC_IMPLEMENTATIONS = YES;
				CLANG_WARN_DIRECT_OBJC_ISA_USAGE = YES_ERROR;
				CLANG_WARN_DOCUMENTATION_COMMENTS = YES;
				CLANG_WARN_EMPTY_BODY = YES;
				CLANG_WARN_ENUM_CONVERSION = YES;
				CLANG_WARN_INFINITE_RECURSION = YES;
				CLANG_WARN_INT_CONVERSION = YES;
				CLANG_WARN_NON_LITERAL_NULL_CONVERSION = YES;
				CLANG_WARN_OBJC_IMPLICIT_RETAIN_SELF = YES;
				CLANG_WARN_OBJC_LITERAL_CONVERSION = YES;
				CLANG_WARN_OBJC_ROOT_CLASS = YES_ERROR;
				CLANG_WARN_QUOTED_INCLUDE_IN_FRAMEWORK_HEADER = YES;
				CLANG_WARN_RANGE_LOOP_ANALYSIS = YES;
				CLANG_WARN_STRICT_PROTOTYPES = YES;
				CLANG_WARN_SUSPICIOUS_MOVE = YES;
				CLANG_WARN_UNGUARDED_AVAILABILITY = YES_AGGRESSIVE;
				CLANG_WARN_UNREACHABLE_CODE = YES;
				CLANG_WARN__DUPLICATE_METHOD_MATCH = YES;
				COPY_PHASE_STRIP = NO;
				DEBUG_INFORMATION_FORMAT = dwarf;
				ENABLE_STRICT_OBJC_MSGSEND = YES;
				ENABLE_TESTABILITY = YES;
				ENABLE_USER_SCRIPT_SANDBOXING = YES;
				GCC_C_LANGUAGE_STANDARD = gnu17;
				GCC_DYNAMIC_NO_PIC = NO;
				GCC_NO_COMMON_BLOCKS = YES;
				GCC_OPTIMIZATION_LEVEL = 0;
				GCC_PREPROCESSOR_DEFINITIONS = (
					"DEBUG=1",
					"$(inherited)",
				);
				GCC_WARN_64_TO_32_BIT_CONVERSION = YES;
				GCC_WARN_ABOUT_RETURN_TYPE = YES_ERROR;
				GCC_WARN_UNDECLARED_SELECTOR = YES;
				GCC_WARN_UNINITIALIZED_AUTOS = YES_AGGRESSIVE;
				GCC_WARN_UNUSED_FUNCTION = YES;
				GCC_WARN_UNUSED_VARIABLE = YES;
				IPHONEOS_DEPLOYMENT_TARGET = 18.2;
				LOCALIZATION_PREFERS_STRING_CATALOGS = YES;
				MTL_ENABLE_DEBUG_INFO = INCLUDE_SOURCE;
				MTL_FAST_MATH = YES;
				ONLY_ACTIVE_ARCH = YES;
				SDKROOT = iphoneos;
				SWIFT_ACTIVE_COMPILATION_CONDITIONS = "DEBUG $(inherited)";
				SWIFT_OPTIMIZATION_LEVEL = "-Onone";
			};
			name = Debug;
		};
		9AE631512DB0233D002E288F /* Release */ = {
			isa = XCBuildConfiguration;
			buildSettings = {
				ALWAYS_SEARCH_USER_PATHS = NO;
				ASSETCATALOG_COMPILER_GENERATE_SWIFT_ASSET_SYMBOL_EXTENSIONS = YES;
				CLANG_ANALYZER_NONNULL = YES;
				CLANG_ANALYZER_NUMBER_OBJECT_CONVERSION = YES_AGGRESSIVE;
				CLANG_CXX_LANGUAGE_STANDARD = "gnu++20";
				CLANG_ENABLE_MODULES = YES;
				CLANG_ENABLE_OBJC_ARC = YES;
				CLANG_ENABLE_OBJC_WEAK = YES;
				CLANG_WARN_BLOCK_CAPTURE_AUTORELEASING = YES;
				CLANG_WARN_BOOL_CONVERSION = YES;
				CLANG_WARN_COMMA = YES;
				CLANG_WARN_CONSTANT_CONVERSION = YES;
				CLANG_WARN_DEPRECATED_OBJC_IMPLEMENTATIONS = YES;
				CLANG_WARN_DIRECT_OBJC_ISA_USAGE = YES_ERROR;
				CLANG_WARN_DOCUMENTATION_COMMENTS = YES;
				CLANG_WARN_EMPTY_BODY = YES;
				CLANG_WARN_ENUM_CONVERSION = YES;
				CLANG_WARN_INFINITE_RECURSION = YES;
				CLANG_WARN_INT_CONVERSION = YES;
				CLANG_WARN_NON_LITERAL_NULL_CONVERSION = YES;
				CLANG_WARN_OBJC_IMPLICIT_RETAIN_SELF = YES;
				CLANG_WARN_OBJC_LITERAL_CONVERSION = YES;
				CLANG_WARN_OBJC_ROOT_CLASS = YES_ERROR;
				CLANG_WARN_QUOTED_INCLUDE_IN_FRAMEWORK_HEADER = YES;
				CLANG_WARN_RANGE_LOOP_ANALYSIS = YES;
				CLANG_WARN_STRICT_PROTOTYPES = YES;
				CLANG_WARN_SUSPICIOUS_MOVE = YES;
				CLANG_WARN_UNGUARDED_AVAILABILITY = YES_AGGRESSIVE;
				CLANG_WARN_UNREACHABLE_CODE = YES;
				CLANG_WARN__DUPLICATE_METHOD_MATCH = YES;
				COPY_PHASE_STRIP = NO;
				DEBUG_INFORMATION_FORMAT = "dwarf-with-dsym";
				ENABLE_NS_ASSERTIONS = NO;
				ENABLE_STRICT_OBJC_MSGSEND = YES;
				ENABLE_USER_SCRIPT_SANDBOXING = YES;
				GCC_C_LANGUAGE_STANDARD = gnu17;
				GCC_NO_COMMON_BLOCKS = YES;
				GCC_WARN_64_TO_32_BIT_CONVERSION = YES;
				GCC_WARN_ABOUT_RETURN_TYPE = YES_ERROR;
				GCC_WARN_UNDECLARED_SELECTOR = YES;
				GCC_WARN_UNINITIALIZED_AUTOS = YES_AGGRESSIVE;
				GCC_WARN_UNUSED_FUNCTION = YES;
				GCC_WARN_UNUSED_VARIABLE = YES;
				IPHONEOS_DEPLOYMENT_TARGET = 18.2;
				LOCALIZATION_PREFERS_STRING_CATALOGS = YES;
				MTL_ENABLE_DEBUG_INFO = NO;
				MTL_FAST_MATH = YES;
				SDKROOT = iphoneos;
				SWIFT_COMPILATION_MODE = wholemodule;
				VALIDATE_PRODUCT = YES;
			};
			name = Release;
		};
		9AE631532DB0233D002E288F /* Debug */ = {
			isa = XCBuildConfiguration;
			buildSettings = {
				ASSETCATALOG_COMPILER_APPICON_NAME = AppIcon;
				ASSETCATALOG_COMPILER_GLOBAL_ACCENT_COLOR_NAME = AccentColor;
				CODE_SIGN_STYLE = Automatic;
				CURRENT_PROJECT_VERSION = 1;
				DEVELOPMENT_ASSET_PATHS = "\"yazilimmuh/Preview Content\"";
				DEVELOPMENT_TEAM = T349F9P8YL;
				ENABLE_PREVIEWS = YES;
				GENERATE_INFOPLIST_FILE = YES;
				INFOPLIST_KEY_LSApplicationCategoryType = "";
				INFOPLIST_KEY_NSPhotoLibraryUsageDescription = "";
				INFOPLIST_KEY_UIApplicationSceneManifest_Generation = YES;
				INFOPLIST_KEY_UIApplicationSupportsIndirectInputEvents = YES;
				INFOPLIST_KEY_UILaunchScreen_Generation = YES;
				INFOPLIST_KEY_UISupportedInterfaceOrientations_iPad = "UIInterfaceOrientationPortrait UIInterfaceOrientationPortraitUpsideDown UIInterfaceOrientationLandscapeLeft UIInterfaceOrientationLandscapeRight";
				INFOPLIST_KEY_UISupportedInterfaceOrientations_iPhone = "UIInterfaceOrientationPortrait UIInterfaceOrientationLandscapeLeft UIInterfaceOrientationLandscapeRight";
				LD_RUNPATH_SEARCH_PATHS = (
					"$(inherited)",
					"@executable_path/Frameworks",
				);
				MARKETING_VERSION = 1.0;
				PRODUCT_BUNDLE_IDENTIFIER = com.berkirgatoglu.yazilimmuh01;
				PRODUCT_NAME = "$(TARGET_NAME)";
				SWIFT_EMIT_LOC_STRINGS = YES;
				SWIFT_VERSION = 5.0;
				TARGETED_DEVICE_FAMILY = "1,2";
			};
			name = Debug;
		};
		9AE631542DB0233D002E288F /* Release */ = {
			isa = XCBuildConfiguration;
			buildSettings = {
				ASSETCATALOG_COMPILER_APPICON_NAME = AppIcon;
				ASSETCATALOG_COMPILER_GLOBAL_ACCENT_COLOR_NAME = AccentColor;
				CODE_SIGN_STYLE = Automatic;
				CURRENT_PROJECT_VERSION = 1;
				DEVELOPMENT_ASSET_PATHS = "\"yazilimmuh/Preview Content\"";
				DEVELOPMENT_TEAM = T349F9P8YL;
				ENABLE_PREVIEWS = YES;
				GENERATE_INFOPLIST_FILE = YES;
				INFOPLIST_KEY_LSApplicationCategoryType = "";
				INFOPLIST_KEY_NSPhotoLibraryUsageDescription = "";
				INFOPLIST_KEY_UIApplicationSceneManifest_Generation = YES;
				INFOPLIST_KEY_UIApplicationSupportsIndirectInputEvents = YES;
				INFOPLIST_KEY_UILaunchScreen_Generation = YES;
				INFOPLIST_KEY_UISupportedInterfaceOrientations_iPad = "UIInterfaceOrientationPortrait UIInterfaceOrientationPortraitUpsideDown UIInterfaceOrientationLandscapeLeft UIInterfaceOrientationLandscapeRight";
				INFOPLIST_KEY_UISupportedInterfaceOrientations_iPhone = "UIInterfaceOrientationPortrait UIInterfaceOrientationLandscapeLeft UIInterfaceOrientationLandscapeRight";
				LD_RUNPATH_SEARCH_PATHS = (
					"$(inherited)",
					"@executable_path/Frameworks",
				);
				MARKETING_VERSION = 1.0;
				PRODUCT_BUNDLE_IDENTIFIER = com.berkirgatoglu.yazilimmuh01;
				PRODUCT_NAME = "$(TARGET_NAME)";
				SWIFT_EMIT_LOC_STRINGS = YES;
				SWIFT_VERSION = 5.0;
				TARGETED_DEVICE_FAMILY = "1,2";
			};
			name = Release;
		};
/* End XCBuildConfiguration section */

/* Begin XCConfigurationList section */
		9AE6313F2DB0233C002E288F /* Build configuration list for PBXProject "yazilimmuh" */ = {
			isa = XCConfigurationList;
			buildConfigurations = (
				9AE631502DB0233D002E288F /* Debug */,
				9AE631512DB0233D002E288F /* Release */,
			);
			defaultConfigurationIsVisible = 0;
			defaultConfigurationName = Release;
		};
		9AE631522DB0233D002E288F /* Build configuration list for PBXNativeTarget "yazilimmuh" */ = {
			isa = XCConfigurationList;
			buildConfigurations = (
				9AE631532DB0233D002E288F /* Debug */,
				9AE631542DB0233D002E288F /* Release */,
			);
			defaultConfigurationIsVisible = 0;
			defaultConfigurationName = Release;
		};
/* End XCConfigurationList section */

/* Begin XCRemoteSwiftPackageReference section */
		9AE632572DBFB5BD002E288F /* XCRemoteSwiftPackageReference "firebase-ios-sdk" */ = {
			isa = XCRemoteSwiftPackageReference;
			repositoryURL = "https://github.com/firebase/firebase-ios-sdk.git";
			requirement = {
				kind = upToNextMajorVersion;
				minimumVersion = 11.12.0;
			};
		};
		9AE633832DC3F02C002E288F /* XCRemoteSwiftPackageReference "Kingfisher" */ = {
			isa = XCRemoteSwiftPackageReference;
			repositoryURL = "https://github.com/onevcat/Kingfisher.git";
			requirement = {
				kind = upToNextMajorVersion;
				minimumVersion = 8.3.2;
			};
		};
/* End XCRemoteSwiftPackageReference section */

/* Begin XCSwiftPackageProductDependency section */
		9AE632582DBFB5BD002E288F /* FirebaseAnalytics */ = {
			isa = XCSwiftPackageProductDependency;
			package = 9AE632572DBFB5BD002E288F /* XCRemoteSwiftPackageReference "firebase-ios-sdk" */;
			productName = FirebaseAnalytics;
		};
		9AE6325A2DBFB5BD002E288F /* FirebaseAnalyticsWithoutAdIdSupport */ = {
			isa = XCSwiftPackageProductDependency;
			package = 9AE632572DBFB5BD002E288F /* XCRemoteSwiftPackageReference "firebase-ios-sdk" */;
			productName = FirebaseAnalyticsWithoutAdIdSupport;
		};
		9AE6325E2DBFB866002E288F /* FirebaseAnalyticsOnDeviceConversion */ = {
			isa = XCSwiftPackageProductDependency;
			package = 9AE632572DBFB5BD002E288F /* XCRemoteSwiftPackageReference "firebase-ios-sdk" */;
			productName = FirebaseAnalyticsOnDeviceConversion;
		};
		9AE632602DBFB866002E288F /* FirebaseAppCheck */ = {
			isa = XCSwiftPackageProductDependency;
			package = 9AE632572DBFB5BD002E288F /* XCRemoteSwiftPackageReference "firebase-ios-sdk" */;
			productName = FirebaseAppCheck;
		};
		9AE632622DBFB866002E288F /* FirebaseAppDistribution-Beta */ = {
			isa = XCSwiftPackageProductDependency;
			package = 9AE632572DBFB5BD002E288F /* XCRemoteSwiftPackageReference "firebase-ios-sdk" */;
			productName = "FirebaseAppDistribution-Beta";
		};
		9AE632642DBFB866002E288F /* FirebaseAuth */ = {
			isa = XCSwiftPackageProductDependency;
			package = 9AE632572DBFB5BD002E288F /* XCRemoteSwiftPackageReference "firebase-ios-sdk" */;
			productName = FirebaseAuth;
		};
		9AE632662DBFB866002E288F /* FirebaseAuthCombine-Community */ = {
			isa = XCSwiftPackageProductDependency;
			package = 9AE632572DBFB5BD002E288F /* XCRemoteSwiftPackageReference "firebase-ios-sdk" */;
			productName = "FirebaseAuthCombine-Community";
		};
		9AE632682DBFB866002E288F /* FirebaseCore */ = {
			isa = XCSwiftPackageProductDependency;
			package = 9AE632572DBFB5BD002E288F /* XCRemoteSwiftPackageReference "firebase-ios-sdk" */;
			productName = FirebaseCore;
		};
		9AE6326A2DBFB8A3002E288F /* FirebaseDynamicLinks */ = {
			isa = XCSwiftPackageProductDependency;
			package = 9AE632572DBFB5BD002E288F /* XCRemoteSwiftPackageReference "firebase-ios-sdk" */;
			productName = FirebaseDynamicLinks;
		};
		9AE6326C2DBFB8A3002E288F /* FirebaseFirestore */ = {
			isa = XCSwiftPackageProductDependency;
			package = 9AE632572DBFB5BD002E288F /* XCRemoteSwiftPackageReference "firebase-ios-sdk" */;
			productName = FirebaseFirestore;
		};
		9AE6326E2DBFB8A3002E288F /* FirebaseFirestoreCombine-Community */ = {
			isa = XCSwiftPackageProductDependency;
			package = 9AE632572DBFB5BD002E288F /* XCRemoteSwiftPackageReference "firebase-ios-sdk" */;
			productName = "FirebaseFirestoreCombine-Community";
		};
		9AE632702DBFB8A3002E288F /* FirebaseStorage */ = {
			isa = XCSwiftPackageProductDependency;
			package = 9AE632572DBFB5BD002E288F /* XCRemoteSwiftPackageReference "firebase-ios-sdk" */;
			productName = FirebaseStorage;
		};
		9AE632802DC02A12002E288F /* FirebaseMessaging */ = {
			isa = XCSwiftPackageProductDependency;
			package = 9AE632572DBFB5BD002E288F /* XCRemoteSwiftPackageReference "firebase-ios-sdk" */;
			productName = FirebaseMessaging;
		};
		9AE633842DC3F02C002E288F /* Kingfisher */ = {
			isa = XCSwiftPackageProductDependency;
			package = 9AE633832DC3F02C002E288F /* XCRemoteSwiftPackageReference "Kingfisher" */;
			productName = Kingfisher;
		};
/* End XCSwiftPackageProductDependency section */
	};
	rootObject = 9AE6313C2DB0233C002E288F /* Project object */;
}
